{
    "name": "obs-request",
    "version": "0.0.1",
    "lockfileVersion": 2,
    "requires": true,
    "packages": {
        "": {
            "name": "obs-request",
            "version": "0.0.1",
            "license": "MIT",
            "dependencies": {
                "fnl": "^0.0.22",
                "lang-mini": "^0.0.26"
            }
        },
        "node_modules/fnl": {
            "version": "0.0.22",
            "resolved": "https://registry.npmjs.org/fnl/-/fnl-0.0.22.tgz",
            "integrity": "sha512-qk0x73sF4b3ZNJvPsscV8DwuJ4vZnfDVe/Hux3NfeAjWEbahfrCxuc8dJQlYEnU2pZCh9JyldYpejZHUx8iqOw==",
            "dependencies": {
                "lang-mini": "^0.0.26"
            },
            "engines": {
                "node": ">=12.0.0"
            }
        },
        "node_modules/lang-mini": {
            "version": "0.0.26",
            "resolved": "https://registry.npmjs.org/lang-mini/-/lang-mini-0.0.26.tgz",
            "integrity": "sha512-Cig5FucYynNYHS24iJEHsFEwzmPAvmetMvFxQkYkFuuhFnf5OHNCHSdfd+lPITSKyjNMDQMDhyigegWwbs1+fg==",
            "engines": {
                "node": ">=9.0.0"
            }
        }
    },
    "dependencies": {
        "fnl": {
            "version": "0.0.22",
            "resolved": "https://registry.npmjs.org/fnl/-/fnl-0.0.22.tgz",
            "integrity": "sha512-qk0x73sF4b3ZNJvPsscV8DwuJ4vZnfDVe/Hux3NfeAjWEbahfrCxuc8dJQlYEnU2pZCh9JyldYpejZHUx8iqOw==",
            "requires": {
                "lang-mini": "^0.0.26"
            }
        },
        "lang-mini": {
            "version": "0.0.26",
            "resolved": "https://registry.npmjs.org/lang-mini/-/lang-mini-0.0.26.tgz",
            "integrity": "sha512-Cig5FucYynNYHS24iJEHsFEwzmPAvmetMvFxQkYkFuuhFnf5OHNCHSdfd+lPITSKyjNMDQMDhyigegWwbs1+fg=="
        }
    }
}
